// !$*UTF8*$!
{
	archiveVersion = 1;
	classes = {
	};
	objectVersion = 56;
	objects = {

/* Begin PBXBuildFile section */
		351FF2982BCD90AA009C6429 /* SortType.swift in Sources */ = {isa = PBXBuildFile; fileRef = 351FF2972BCD90AA009C6429 /* SortType.swift */; };
		354D5A412BCA59D50067BDF7 /* AppDelegate.swift in Sources */ = {isa = PBXBuildFile; fileRef = 354D5A402BCA59D50067BDF7 /* AppDelegate.swift */; };
		354D5A432BCA59D50067BDF7 /* SceneDelegate.swift in Sources */ = {isa = PBXBuildFile; fileRef = 354D5A422BCA59D50067BDF7 /* SceneDelegate.swift */; };
		354D5A482BCA59D50067BDF7 /* Main.storyboard in Resources */ = {isa = PBXBuildFile; fileRef = 354D5A462BCA59D50067BDF7 /* Main.storyboard */; };
		354D5A4A2BCA59D60067BDF7 /* Assets.xcassets in Resources */ = {isa = PBXBuildFile; fileRef = 354D5A492BCA59D60067BDF7 /* Assets.xcassets */; };
		354D5A4D2BCA59D60067BDF7 /* LaunchScreen.storyboard in Resources */ = {isa = PBXBuildFile; fileRef = 354D5A4B2BCA59D60067BDF7 /* LaunchScreen.storyboard */; };
		354D5A582BCA59D60067BDF7 /* GigaShopTests.swift in Sources */ = {isa = PBXBuildFile; fileRef = 354D5A572BCA59D60067BDF7 /* GigaShopTests.swift */; };
		354D5A622BCA59D60067BDF7 /* GigaShopUITests.swift in Sources */ = {isa = PBXBuildFile; fileRef = 354D5A612BCA59D60067BDF7 /* GigaShopUITests.swift */; };
		354D5A642BCA59D60067BDF7 /* GigaShopUITestsLaunchTests.swift in Sources */ = {isa = PBXBuildFile; fileRef = 354D5A632BCA59D60067BDF7 /* GigaShopUITestsLaunchTests.swift */; };
		354D5A772BCA5D710067BDF7 /* HomeViewController.swift in Sources */ = {isa = PBXBuildFile; fileRef = 354D5A762BCA5D710067BDF7 /* HomeViewController.swift */; };
		354D5A7B2BCA5D940067BDF7 /* ItemCollectionViewCell.swift in Sources */ = {isa = PBXBuildFile; fileRef = 354D5A7A2BCA5D940067BDF7 /* ItemCollectionViewCell.swift */; };
		354D5A7D2BCA5D9E0067BDF7 /* CustomSearchField.swift in Sources */ = {isa = PBXBuildFile; fileRef = 354D5A7C2BCA5D9E0067BDF7 /* CustomSearchField.swift */; };
		354D5A842BCA5DF20067BDF7 /* ObservableObject.swift in Sources */ = {isa = PBXBuildFile; fileRef = 354D5A7F2BCA5DF20067BDF7 /* ObservableObject.swift */; };
		354D5A852BCA5DF20067BDF7 /* UIColor+Extension.swift in Sources */ = {isa = PBXBuildFile; fileRef = 354D5A812BCA5DF20067BDF7 /* UIColor+Extension.swift */; };
		354D5A862BCA5DF20067BDF7 /* UIView+Extension.swift in Sources */ = {isa = PBXBuildFile; fileRef = 354D5A822BCA5DF20067BDF7 /* UIView+Extension.swift */; };
		354D5A872BCA5DF20067BDF7 /* UIImage+Extension.swift in Sources */ = {isa = PBXBuildFile; fileRef = 354D5A832BCA5DF20067BDF7 /* UIImage+Extension.swift */; };
		354D5A8A2BCA5E4B0067BDF7 /* HomeViewModel.swift in Sources */ = {isa = PBXBuildFile; fileRef = 354D5A882BCA5E4B0067BDF7 /* HomeViewModel.swift */; };
		354D5A8B2BCA5E4B0067BDF7 /* ProductViewModel.swift in Sources */ = {isa = PBXBuildFile; fileRef = 354D5A892BCA5E4B0067BDF7 /* ProductViewModel.swift */; };
		354D5A8D2BCA5E950067BDF7 /* NetworkService.swift in Sources */ = {isa = PBXBuildFile; fileRef = 354D5A8C2BCA5E950067BDF7 /* NetworkService.swift */; };
		354D5A8F2BCA5F310067BDF7 /* Product.swift in Sources */ = {isa = PBXBuildFile; fileRef = 354D5A8E2BCA5F310067BDF7 /* Product.swift */; };
		354D5A912BCA60C10067BDF7 /* CustomFilterView.swift in Sources */ = {isa = PBXBuildFile; fileRef = 354D5A902BCA60C10067BDF7 /* CustomFilterView.swift */; };
		354D5A942BCA896D0067BDF7 /* ProductDetailsViewController.swift in Sources */ = {isa = PBXBuildFile; fileRef = 354D5A932BCA896D0067BDF7 /* ProductDetailsViewController.swift */; };
		354D5A962BCA91A40067BDF7 /* Numeric+Extension.swift in Sources */ = {isa = PBXBuildFile; fileRef = 354D5A952BCA91A40067BDF7 /* Numeric+Extension.swift */; };
		3564947E2BCE20E90072F6B1 /* Protocols.swift in Sources */ = {isa = PBXBuildFile; fileRef = 3564947D2BCE20E90072F6B1 /* Protocols.swift */; };
/* End PBXBuildFile section */

/* Begin PBXContainerItemProxy section */
		354D5A542BCA59D60067BDF7 /* PBXContainerItemProxy */ = {
			isa = PBXContainerItemProxy;
			containerPortal = 354D5A352BCA59D50067BDF7 /* Project object */;
			proxyType = 1;
			remoteGlobalIDString = 354D5A3C2BCA59D50067BDF7;
			remoteInfo = GigaShop;
		};
		354D5A5E2BCA59D60067BDF7 /* PBXContainerItemProxy */ = {
			isa = PBXContainerItemProxy;
			containerPortal = 354D5A352BCA59D50067BDF7 /* Project object */;
			proxyType = 1;
			remoteGlobalIDString = 354D5A3C2BCA59D50067BDF7;
			remoteInfo = GigaShop;
		};
/* End PBXContainerItemProxy section */

/* Begin PBXFileReference section */
		351FF2972BCD90AA009C6429 /* SortType.swift */ = {isa = PBXFileReference; lastKnownFileType = sourcecode.swift; path = SortType.swift; sourceTree = "<group>"; };
		354D5A3D2BCA59D50067BDF7 /* GigaShop.app */ = {isa = PBXFileReference; explicitFileType = wrapper.application; includeInIndex = 0; path = GigaShop.app; sourceTree = BUILT_PRODUCTS_DIR; };
		354D5A402BCA59D50067BDF7 /* AppDelegate.swift */ = {isa = PBXFileReference; lastKnownFileType = sourcecode.swift; path = AppDelegate.swift; sourceTree = "<group>"; };
		354D5A422BCA59D50067BDF7 /* SceneDelegate.swift */ = {isa = PBXFileReference; lastKnownFileType = sourcecode.swift; path = SceneDelegate.swift; sourceTree = "<group>"; };
		354D5A472BCA59D50067BDF7 /* Base */ = {isa = PBXFileReference; lastKnownFileType = file.storyboard; name = Base; path = Base.lproj/Main.storyboard; sourceTree = "<group>"; };
		354D5A492BCA59D60067BDF7 /* Assets.xcassets */ = {isa = PBXFileReference; lastKnownFileType = folder.assetcatalog; path = Assets.xcassets; sourceTree = "<group>"; };
		354D5A4C2BCA59D60067BDF7 /* Base */ = {isa = PBXFileReference; lastKnownFileType = file.storyboard; name = Base; path = Base.lproj/LaunchScreen.storyboard; sourceTree = "<group>"; };
		354D5A4E2BCA59D60067BDF7 /* Info.plist */ = {isa = PBXFileReference; lastKnownFileType = text.plist.xml; path = Info.plist; sourceTree = "<group>"; };
		354D5A532BCA59D60067BDF7 /* GigaShopTests.xctest */ = {isa = PBXFileReference; explicitFileType = wrapper.cfbundle; includeInIndex = 0; path = GigaShopTests.xctest; sourceTree = BUILT_PRODUCTS_DIR; };
		354D5A572BCA59D60067BDF7 /* GigaShopTests.swift */ = {isa = PBXFileReference; lastKnownFileType = sourcecode.swift; path = GigaShopTests.swift; sourceTree = "<group>"; };
		354D5A5D2BCA59D60067BDF7 /* GigaShopUITests.xctest */ = {isa = PBXFileReference; explicitFileType = wrapper.cfbundle; includeInIndex = 0; path = GigaShopUITests.xctest; sourceTree = BUILT_PRODUCTS_DIR; };
		354D5A612BCA59D60067BDF7 /* GigaShopUITests.swift */ = {isa = PBXFileReference; lastKnownFileType = sourcecode.swift; path = GigaShopUITests.swift; sourceTree = "<group>"; };
		354D5A632BCA59D60067BDF7 /* GigaShopUITestsLaunchTests.swift */ = {isa = PBXFileReference; lastKnownFileType = sourcecode.swift; path = GigaShopUITestsLaunchTests.swift; sourceTree = "<group>"; };
		354D5A762BCA5D710067BDF7 /* HomeViewController.swift */ = {isa = PBXFileReference; fileEncoding = 4; lastKnownFileType = sourcecode.swift; path = HomeViewController.swift; sourceTree = "<group>"; };
		354D5A7A2BCA5D940067BDF7 /* ItemCollectionViewCell.swift */ = {isa = PBXFileReference; fileEncoding = 4; lastKnownFileType = sourcecode.swift; path = ItemCollectionViewCell.swift; sourceTree = "<group>"; };
		354D5A7C2BCA5D9E0067BDF7 /* CustomSearchField.swift */ = {isa = PBXFileReference; fileEncoding = 4; lastKnownFileType = sourcecode.swift; path = CustomSearchField.swift; sourceTree = "<group>"; };
		354D5A7F2BCA5DF20067BDF7 /* ObservableObject.swift */ = {isa = PBXFileReference; fileEncoding = 4; lastKnownFileType = sourcecode.swift; path = ObservableObject.swift; sourceTree = "<group>"; };
		354D5A812BCA5DF20067BDF7 /* UIColor+Extension.swift */ = {isa = PBXFileReference; fileEncoding = 4; lastKnownFileType = sourcecode.swift; path = "UIColor+Extension.swift"; sourceTree = "<group>"; };
		354D5A822BCA5DF20067BDF7 /* UIView+Extension.swift */ = {isa = PBXFileReference; fileEncoding = 4; lastKnownFileType = sourcecode.swift; path = "UIView+Extension.swift"; sourceTree = "<group>"; };
		354D5A832BCA5DF20067BDF7 /* UIImage+Extension.swift */ = {isa = PBXFileReference; fileEncoding = 4; lastKnownFileType = sourcecode.swift; path = "UIImage+Extension.swift"; sourceTree = "<group>"; };
		354D5A882BCA5E4B0067BDF7 /* HomeViewModel.swift */ = {isa = PBXFileReference; fileEncoding = 4; lastKnownFileType = sourcecode.swift; path = HomeViewModel.swift; sourceTree = "<group>"; };
		354D5A892BCA5E4B0067BDF7 /* ProductViewModel.swift */ = {isa = PBXFileReference; fileEncoding = 4; lastKnownFileType = sourcecode.swift; path = ProductViewModel.swift; sourceTree = "<group>"; };
		354D5A8C2BCA5E950067BDF7 /* NetworkService.swift */ = {isa = PBXFileReference; fileEncoding = 4; lastKnownFileType = sourcecode.swift; path = NetworkService.swift; sourceTree = "<group>"; };
		354D5A8E2BCA5F310067BDF7 /* Product.swift */ = {isa = PBXFileReference; fileEncoding = 4; lastKnownFileType = sourcecode.swift; path = Product.swift; sourceTree = "<group>"; };
		354D5A902BCA60C10067BDF7 /* CustomFilterView.swift */ = {isa = PBXFileReference; lastKnownFileType = sourcecode.swift; path = CustomFilterView.swift; sourceTree = "<group>"; };
		354D5A932BCA896D0067BDF7 /* ProductDetailsViewController.swift */ = {isa = PBXFileReference; lastKnownFileType = sourcecode.swift; path = ProductDetailsViewController.swift; sourceTree = "<group>"; };
		354D5A952BCA91A40067BDF7 /* Numeric+Extension.swift */ = {isa = PBXFileReference; lastKnownFileType = sourcecode.swift; path = "Numeric+Extension.swift"; sourceTree = "<group>"; };
		3564947D2BCE20E90072F6B1 /* Protocols.swift */ = {isa = PBXFileReference; lastKnownFileType = sourcecode.swift; path = Protocols.swift; sourceTree = "<group>"; };
/* End PBXFileReference section */

/* Begin PBXFrameworksBuildPhase section */
		354D5A3A2BCA59D50067BDF7 /* Frameworks */ = {
			isa = PBXFrameworksBuildPhase;
			buildActionMask = 2147483647;
			files = (
			);
			runOnlyForDeploymentPostprocessing = 0;
		};
		354D5A502BCA59D60067BDF7 /* Frameworks */ = {
			isa = PBXFrameworksBuildPhase;
			buildActionMask = 2147483647;
			files = (
			);
			runOnlyForDeploymentPostprocessing = 0;
		};
		354D5A5A2BCA59D60067BDF7 /* Frameworks */ = {
			isa = PBXFrameworksBuildPhase;
			buildActionMask = 2147483647;
			files = (
			);
			runOnlyForDeploymentPostprocessing = 0;
		};
/* End PBXFrameworksBuildPhase section */

/* Begin PBXGroup section */
		351FF2962BCD9098009C6429 /* Enums */ = {
			isa = PBXGroup;
			children = (
				351FF2972BCD90AA009C6429 /* SortType.swift */,
			);
			path = Enums;
			sourceTree = "<group>";
		};
		354D5A342BCA59D50067BDF7 = {
			isa = PBXGroup;
			children = (
				354D5A3F2BCA59D50067BDF7 /* GigaShop */,
				354D5A562BCA59D60067BDF7 /* GigaShopTests */,
				354D5A602BCA59D60067BDF7 /* GigaShopUITests */,
				354D5A3E2BCA59D50067BDF7 /* Products */,
			);
			sourceTree = "<group>";
		};
		354D5A3E2BCA59D50067BDF7 /* Products */ = {
			isa = PBXGroup;
			children = (
				354D5A3D2BCA59D50067BDF7 /* GigaShop.app */,
				354D5A532BCA59D60067BDF7 /* GigaShopTests.xctest */,
				354D5A5D2BCA59D60067BDF7 /* GigaShopUITests.xctest */,
			);
			name = Products;
			sourceTree = "<group>";
		};
		354D5A3F2BCA59D50067BDF7 /* GigaShop */ = {
			isa = PBXGroup;
			children = (
				354D5A722BCA5C450067BDF7 /* Models */,
				354D5A712BCA5C3E0067BDF7 /* Views */,
				354D5A702BCA5C340067BDF7 /* ViewModels */,
				354D5A732BCA5C5C0067BDF7 /* Services */,
				354D5A742BCA5C660067BDF7 /* Supports */,
				354D5A402BCA59D50067BDF7 /* AppDelegate.swift */,
				354D5A422BCA59D50067BDF7 /* SceneDelegate.swift */,
				354D5A462BCA59D50067BDF7 /* Main.storyboard */,
				354D5A492BCA59D60067BDF7 /* Assets.xcassets */,
				354D5A4B2BCA59D60067BDF7 /* LaunchScreen.storyboard */,
				354D5A4E2BCA59D60067BDF7 /* Info.plist */,
			);
			path = GigaShop;
			sourceTree = "<group>";
		};
		354D5A562BCA59D60067BDF7 /* GigaShopTests */ = {
			isa = PBXGroup;
			children = (
				354D5A572BCA59D60067BDF7 /* GigaShopTests.swift */,
			);
			path = GigaShopTests;
			sourceTree = "<group>";
		};
		354D5A602BCA59D60067BDF7 /* GigaShopUITests */ = {
			isa = PBXGroup;
			children = (
				354D5A612BCA59D60067BDF7 /* GigaShopUITests.swift */,
				354D5A632BCA59D60067BDF7 /* GigaShopUITestsLaunchTests.swift */,
			);
			path = GigaShopUITests;
			sourceTree = "<group>";
		};
		354D5A702BCA5C340067BDF7 /* ViewModels */ = {
			isa = PBXGroup;
			children = (
				354D5A892BCA5E4B0067BDF7 /* ProductViewModel.swift */,
				354D5A882BCA5E4B0067BDF7 /* HomeViewModel.swift */,
			);
			path = ViewModels;
			sourceTree = "<group>";
		};
		354D5A712BCA5C3E0067BDF7 /* Views */ = {
			isa = PBXGroup;
			children = (
				354D5A752BCA5D500067BDF7 /* HomeView */,
				354D5A922BCA894D0067BDF7 /* ItemDetailsView */,
			);
			path = Views;
			sourceTree = "<group>";
		};
		354D5A722BCA5C450067BDF7 /* Models */ = {
			isa = PBXGroup;
			children = (
				354D5A8E2BCA5F310067BDF7 /* Product.swift */,
			);
			path = Models;
			sourceTree = "<group>";
		};
		354D5A732BCA5C5C0067BDF7 /* Services */ = {
			isa = PBXGroup;
			children = (
				354D5A8C2BCA5E950067BDF7 /* NetworkService.swift */,
			);
			path = Services;
			sourceTree = "<group>";
		};
		354D5A742BCA5C660067BDF7 /* Supports */ = {
			isa = PBXGroup;
			children = (
				3564947C2BCE20D70072F6B1 /* Protocols */,
				351FF2962BCD9098009C6429 /* Enums */,
				354D5A802BCA5DF20067BDF7 /* Extensions */,
				354D5A7E2BCA5DF20067BDF7 /* Observer */,
			);
			path = Supports;
			sourceTree = "<group>";
		};
		354D5A752BCA5D500067BDF7 /* HomeView */ = {
			isa = PBXGroup;
			children = (
				354D5A762BCA5D710067BDF7 /* HomeViewController.swift */,
				354D5A782BCA5D760067BDF7 /* SubViews */,
			);
			path = HomeView;
			sourceTree = "<group>";
		};
		354D5A782BCA5D760067BDF7 /* SubViews */ = {
			isa = PBXGroup;
			children = (
				354D5A7C2BCA5D9E0067BDF7 /* CustomSearchField.swift */,
				354D5A902BCA60C10067BDF7 /* CustomFilterView.swift */,
				354D5A792BCA5D860067BDF7 /* Cells */,
			);
			path = SubViews;
			sourceTree = "<group>";
		};
		354D5A792BCA5D860067BDF7 /* Cells */ = {
			isa = PBXGroup;
			children = (
				354D5A7A2BCA5D940067BDF7 /* ItemCollectionViewCell.swift */,
			);
			path = Cells;
			sourceTree = "<group>";
		};
		354D5A7E2BCA5DF20067BDF7 /* Observer */ = {
			isa = PBXGroup;
			children = (
				354D5A7F2BCA5DF20067BDF7 /* ObservableObject.swift */,
			);
			path = Observer;
			sourceTree = "<group>";
		};
		354D5A802BCA5DF20067BDF7 /* Extensions */ = {
			isa = PBXGroup;
			children = (
				354D5A812BCA5DF20067BDF7 /* UIColor+Extension.swift */,
				354D5A822BCA5DF20067BDF7 /* UIView+Extension.swift */,
				354D5A832BCA5DF20067BDF7 /* UIImage+Extension.swift */,
				354D5A952BCA91A40067BDF7 /* Numeric+Extension.swift */,
			);
			path = Extensions;
			sourceTree = "<group>";
		};
		354D5A922BCA894D0067BDF7 /* ItemDetailsView */ = {
			isa = PBXGroup;
			children = (
				354D5A932BCA896D0067BDF7 /* ProductDetailsViewController.swift */,
			);
			path = ItemDetailsView;
			sourceTree = "<group>";
		};
		3564947C2BCE20D70072F6B1 /* Protocols */ = {
			isa = PBXGroup;
			children = (
				3564947D2BCE20E90072F6B1 /* Protocols.swift */,
			);
			path = Protocols;
			sourceTree = "<group>";
		};
/* End PBXGroup section */

/* Begin PBXNativeTarget section */
		354D5A3C2BCA59D50067BDF7 /* GigaShop */ = {
			isa = PBXNativeTarget;
			buildConfigurationList = 354D5A672BCA59D60067BDF7 /* Build configuration list for PBXNativeTarget "GigaShop" */;
			buildPhases = (
				354D5A392BCA59D50067BDF7 /* Sources */,
				354D5A3A2BCA59D50067BDF7 /* Frameworks */,
				354D5A3B2BCA59D50067BDF7 /* Resources */,
			);
			buildRules = (
			);
			dependencies = (
			);
			name = GigaShop;
			packageProductDependencies = (
			);
			productName = GigaShop;
			productReference = 354D5A3D2BCA59D50067BDF7 /* GigaShop.app */;
			productType = "com.apple.product-type.application";
		};
		354D5A522BCA59D60067BDF7 /* GigaShopTests */ = {
			isa = PBXNativeTarget;
			buildConfigurationList = 354D5A6A2BCA59D60067BDF7 /* Build configuration list for PBXNativeTarget "GigaShopTests" */;
			buildPhases = (
				354D5A4F2BCA59D60067BDF7 /* Sources */,
				354D5A502BCA59D60067BDF7 /* Frameworks */,
				354D5A512BCA59D60067BDF7 /* Resources */,
			);
			buildRules = (
			);
			dependencies = (
				354D5A552BCA59D60067BDF7 /* PBXTargetDependency */,
			);
			name = GigaShopTests;
			productName = GigaShopTests;
			productReference = 354D5A532BCA59D60067BDF7 /* GigaShopTests.xctest */;
			productType = "com.apple.product-type.bundle.unit-test";
		};
		354D5A5C2BCA59D60067BDF7 /* GigaShopUITests */ = {
			isa = PBXNativeTarget;
			buildConfigurationList = 354D5A6D2BCA59D60067BDF7 /* Build configuration list for PBXNativeTarget "GigaShopUITests" */;
			buildPhases = (
				354D5A592BCA59D60067BDF7 /* Sources */,
				354D5A5A2BCA59D60067BDF7 /* Frameworks */,
				354D5A5B2BCA59D60067BDF7 /* Resources */,
			);
			buildRules = (
			);
			dependencies = (
				354D5A5F2BCA59D60067BDF7 /* PBXTargetDependency */,
			);
			name = GigaShopUITests;
			productName = GigaShopUITests;
			productReference = 354D5A5D2BCA59D60067BDF7 /* GigaShopUITests.xctest */;
			productType = "com.apple.product-type.bundle.ui-testing";
		};
/* End PBXNativeTarget section */

/* Begin PBXProject section */
		354D5A352BCA59D50067BDF7 /* Project object */ = {
			isa = PBXProject;
			attributes = {
				BuildIndependentTargetsInParallel = 1;
				LastSwiftUpdateCheck = 1500;
				LastUpgradeCheck = 1500;
				TargetAttributes = {
					354D5A3C2BCA59D50067BDF7 = {
						CreatedOnToolsVersion = 15.0.1;
					};
					354D5A522BCA59D60067BDF7 = {
						CreatedOnToolsVersion = 15.0.1;
						TestTargetID = 354D5A3C2BCA59D50067BDF7;
					};
					354D5A5C2BCA59D60067BDF7 = {
						CreatedOnToolsVersion = 15.0.1;
						TestTargetID = 354D5A3C2BCA59D50067BDF7;
					};
				};
			};
			buildConfigurationList = 354D5A382BCA59D50067BDF7 /* Build configuration list for PBXProject "GigaShop" */;
			compatibilityVersion = "Xcode 14.0";
			developmentRegion = en;
			hasScannedForEncodings = 0;
			knownRegions = (
				en,
				Base,
			);
			mainGroup = 354D5A342BCA59D50067BDF7;
			packageReferences = (
			);
			productRefGroup = 354D5A3E2BCA59D50067BDF7 /* Products */;
			projectDirPath = "";
			projectRoot = "";
			targets = (
				354D5A3C2BCA59D50067BDF7 /* GigaShop */,
				354D5A522BCA59D60067BDF7 /* GigaShopTests */,
				354D5A5C2BCA59D60067BDF7 /* GigaShopUITests */,
			);
		};
/* End PBXProject section */

/* Begin PBXResourcesBuildPhase section */
		354D5A3B2BCA59D50067BDF7 /* Resources */ = {
			isa = PBXResourcesBuildPhase;
			buildActionMask = 2147483647;
			files = (
				354D5A4D2BCA59D60067BDF7 /* LaunchScreen.storyboard in Resources */,
				354D5A4A2BCA59D60067BDF7 /* Assets.xcassets in Resources */,
				354D5A482BCA59D50067BDF7 /* Main.storyboard in Resources */,
			);
			runOnlyForDeploymentPostprocessing = 0;
		};
		354D5A512BCA59D60067BDF7 /* Resources */ = {
			isa = PBXResourcesBuildPhase;
			buildActionMask = 2147483647;
			files = (
			);
			runOnlyForDeploymentPostprocessing = 0;
		};
		354D5A5B2BCA59D60067BDF7 /* Resources */ = {
			isa = PBXResourcesBuildPhase;
			buildActionMask = 2147483647;
			files = (
			);
			runOnlyForDeploymentPostprocessing = 0;
		};
/* End PBXResourcesBuildPhase section */

/* Begin PBXSourcesBuildPhase section */
		354D5A392BCA59D50067BDF7 /* Sources */ = {
			isa = PBXSourcesBuildPhase;
			buildActionMask = 2147483647;
			files = (
				354D5A962BCA91A40067BDF7 /* Numeric+Extension.swift in Sources */,
				354D5A8A2BCA5E4B0067BDF7 /* HomeViewModel.swift in Sources */,
				354D5A412BCA59D50067BDF7 /* AppDelegate.swift in Sources */,
				354D5A432BCA59D50067BDF7 /* SceneDelegate.swift in Sources */,
				354D5A862BCA5DF20067BDF7 /* UIView+Extension.swift in Sources */,
				354D5A7D2BCA5D9E0067BDF7 /* CustomSearchField.swift in Sources */,
				354D5A842BCA5DF20067BDF7 /* ObservableObject.swift in Sources */,
				354D5A912BCA60C10067BDF7 /* CustomFilterView.swift in Sources */,
				354D5A7B2BCA5D940067BDF7 /* ItemCollectionViewCell.swift in Sources */,
				3564947E2BCE20E90072F6B1 /* Protocols.swift in Sources */,
				354D5A872BCA5DF20067BDF7 /* UIImage+Extension.swift in Sources */,
				351FF2982BCD90AA009C6429 /* SortType.swift in Sources */,
				354D5A772BCA5D710067BDF7 /* HomeViewController.swift in Sources */,
				354D5A852BCA5DF20067BDF7 /* UIColor+Extension.swift in Sources */,
				354D5A8D2BCA5E950067BDF7 /* NetworkService.swift in Sources */,
				354D5A8F2BCA5F310067BDF7 /* Product.swift in Sources */,
				354D5A942BCA896D0067BDF7 /* ProductDetailsViewController.swift in Sources */,
				354D5A8B2BCA5E4B0067BDF7 /* ProductViewModel.swift in Sources */,
			);
			runOnlyForDeploymentPostprocessing = 0;
		};
		354D5A4F2BCA59D60067BDF7 /* Sources */ = {
			isa = PBXSourcesBuildPhase;
			buildActionMask = 2147483647;
			files = (
				354D5A582BCA59D60067BDF7 /* GigaShopTests.swift in Sources */,
			);
			runOnlyForDeploymentPostprocessing = 0;
		};
		354D5A592BCA59D60067BDF7 /* Sources */ = {
			isa = PBXSourcesBuildPhase;
			buildActionMask = 2147483647;
			files = (
				354D5A642BCA59D60067BDF7 /* GigaShopUITestsLaunchTests.swift in Sources */,
				354D5A622BCA59D60067BDF7 /* GigaShopUITests.swift in Sources */,
			);
			runOnlyForDeploymentPostprocessing = 0;
		};
/* End PBXSourcesBuildPhase section */

/* Begin PBXTargetDependency section */
		354D5A552BCA59D60067BDF7 /* PBXTargetDependency */ = {
			isa = PBXTargetDependency;
			target = 354D5A3C2BCA59D50067BDF7 /* GigaShop */;
			targetProxy = 354D5A542BCA59D60067BDF7 /* PBXContainerItemProxy */;
		};
		354D5A5F2BCA59D60067BDF7 /* PBXTargetDependency */ = {
			isa = PBXTargetDependency;
			target = 354D5A3C2BCA59D50067BDF7 /* GigaShop */;
			targetProxy = 354D5A5E2BCA59D60067BDF7 /* PBXContainerItemProxy */;
		};
/* End PBXTargetDependency section */

/* Begin PBXVariantGroup section */
		354D5A462BCA59D50067BDF7 /* Main.storyboard */ = {
			isa = PBXVariantGroup;
			children = (
				354D5A472BCA59D50067BDF7 /* Base */,
			);
			name = Main.storyboard;
			sourceTree = "<group>";
		};
		354D5A4B2BCA59D60067BDF7 /* LaunchScreen.storyboard */ = {
			isa = PBXVariantGroup;
			children = (
				354D5A4C2BCA59D60067BDF7 /* Base */,
			);
			name = LaunchScreen.storyboard;
			sourceTree = "<group>";
		};
/* End PBXVariantGroup section */

/* Begin XCBuildConfiguration section */
		354D5A652BCA59D60067BDF7 /* Debug */ = {
			isa = XCBuildConfiguration;
			buildSettings = {
				ALWAYS_SEARCH_USER_PATHS = NO;
				ASSETCATALOG_COMPILER_GENERATE_SWIFT_ASSET_SYMBOL_EXTENSIONS = YES;
				CLANG_ANALYZER_NONNULL = YES;
				CLANG_ANALYZER_NUMBER_OBJECT_CONVERSION = YES_AGGRESSIVE;
				CLANG_CXX_LANGUAGE_STANDARD = "gnu++20";
				CLANG_ENABLE_MODULES = YES;
				CLANG_ENABLE_OBJC_ARC = YES;
				CLANG_ENABLE_OBJC_WEAK = YES;
				CLANG_WARN_BLOCK_CAPTURE_AUTORELEASING = YES;
				CLANG_WARN_BOOL_CONVERSION = YES;
				CLANG_WARN_COMMA = YES;
				CLANG_WARN_CONSTANT_CONVERSION = YES;
				CLANG_WARN_DEPRECATED_OBJC_IMPLEMENTATIONS = YES;
				CLANG_WARN_DIRECT_OBJC_ISA_USAGE = YES_ERROR;
				CLANG_WARN_DOCUMENTATION_COMMENTS = YES;
				CLANG_WARN_EMPTY_BODY = YES;
				CLANG_WARN_ENUM_CONVERSION = YES;
				CLANG_WARN_INFINITE_RECURSION = YES;
				CLANG_WARN_INT_CONVERSION = YES;
				CLANG_WARN_NON_LITERAL_NULL_CONVERSION = YES;
				CLANG_WARN_OBJC_IMPLICIT_RETAIN_SELF = YES;
				CLANG_WARN_OBJC_LITERAL_CONVERSION = YES;
				CLANG_WARN_OBJC_ROOT_CLASS = YES_ERROR;
				CLANG_WARN_QUOTED_INCLUDE_IN_FRAMEWORK_HEADER = YES;
				CLANG_WARN_RANGE_LOOP_ANALYSIS = YES;
				CLANG_WARN_STRICT_PROTOTYPES = YES;
				CLANG_WARN_SUSPICIOUS_MOVE = YES;
				CLANG_WARN_UNGUARDED_AVAILABILITY = YES_AGGRESSIVE;
				CLANG_WARN_UNREACHABLE_CODE = YES;
				CLANG_WARN__DUPLICATE_METHOD_MATCH = YES;
				COPY_PHASE_STRIP = NO;
				DEBUG_INFORMATION_FORMAT = dwarf;
				ENABLE_STRICT_OBJC_MSGSEND = YES;
				ENABLE_TESTABILITY = YES;
				ENABLE_USER_SCRIPT_SANDBOXING = YES;
				GCC_C_LANGUAGE_STANDARD = gnu17;
				GCC_DYNAMIC_NO_PIC = NO;
				GCC_NO_COMMON_BLOCKS = YES;
				GCC_OPTIMIZATION_LEVEL = 0;
				GCC_PREPROCESSOR_DEFINITIONS = (
					"DEBUG=1",
					"$(inherited)",
				);
				GCC_WARN_64_TO_32_BIT_CONVERSION = YES;
				GCC_WARN_ABOUT_RETURN_TYPE = YES_ERROR;
				GCC_WARN_UNDECLARED_SELECTOR = YES;
				GCC_WARN_UNINITIALIZED_AUTOS = YES_AGGRESSIVE;
				GCC_WARN_UNUSED_FUNCTION = YES;
				GCC_WARN_UNUSED_VARIABLE = YES;
				IPHONEOS_DEPLOYMENT_TARGET = 15.0;
				LOCALIZATION_PREFERS_STRING_CATALOGS = YES;
				MTL_ENABLE_DEBUG_INFO = INCLUDE_SOURCE;
				MTL_FAST_MATH = YES;
				ONLY_ACTIVE_ARCH = YES;
				SDKROOT = iphoneos;
				SWIFT_ACTIVE_COMPILATION_CONDITIONS = "DEBUG $(inherited)";
				SWIFT_OPTIMIZATION_LEVEL = "-Onone";
			};
			name = Debug;
		};
		354D5A662BCA59D60067BDF7 /* Release */ = {
			isa = XCBuildConfiguration;
			buildSettings = {
				ALWAYS_SEARCH_USER_PATHS = NO;
				ASSETCATALOG_COMPILER_GENERATE_SWIFT_ASSET_SYMBOL_EXTENSIONS = YES;
				CLANG_ANALYZER_NONNULL = YES;
				CLANG_ANALYZER_NUMBER_OBJECT_CONVERSION = YES_AGGRESSIVE;
				CLANG_CXX_LANGUAGE_STANDARD = "gnu++20";
				CLANG_ENABLE_MODULES = YES;
				CLANG_ENABLE_OBJC_ARC = YES;
				CLANG_ENABLE_OBJC_WEAK = YES;
				CLANG_WARN_BLOCK_CAPTURE_AUTORELEASING = YES;
				CLANG_WARN_BOOL_CONVERSION = YES;
				CLANG_WARN_COMMA = YES;
				CLANG_WARN_CONSTANT_CONVERSION = YES;
				CLANG_WARN_DEPRECATED_OBJC_IMPLEMENTATIONS = YES;
				CLANG_WARN_DIRECT_OBJC_ISA_USAGE = YES_ERROR;
				CLANG_WARN_DOCUMENTATION_COMMENTS = YES;
				CLANG_WARN_EMPTY_BODY = YES;
				CLANG_WARN_ENUM_CONVERSION = YES;
				CLANG_WARN_INFINITE_RECURSION = YES;
				CLANG_WARN_INT_CONVERSION = YES;
				CLANG_WARN_NON_LITERAL_NULL_CONVERSION = YES;
				CLANG_WARN_OBJC_IMPLICIT_RETAIN_SELF = YES;
				CLANG_WARN_OBJC_LITERAL_CONVERSION = YES;
				CLANG_WARN_OBJC_ROOT_CLASS = YES_ERROR;
				CLANG_WARN_QUOTED_INCLUDE_IN_FRAMEWORK_HEADER = YES;
				CLANG_WARN_RANGE_LOOP_ANALYSIS = YES;
				CLANG_WARN_STRICT_PROTOTYPES = YES;
				CLANG_WARN_SUSPICIOUS_MOVE = YES;
				CLANG_WARN_UNGUARDED_AVAILABILITY = YES_AGGRESSIVE;
				CLANG_WARN_UNREACHABLE_CODE = YES;
				CLANG_WARN__DUPLICATE_METHOD_MATCH = YES;
				COPY_PHASE_STRIP = NO;
				DEBUG_INFORMATION_FORMAT = "dwarf-with-dsym";
				ENABLE_NS_ASSERTIONS = NO;
				ENABLE_STRICT_OBJC_MSGSEND = YES;
				ENABLE_USER_SCRIPT_SANDBOXING = YES;
				GCC_C_LANGUAGE_STANDARD = gnu17;
				GCC_NO_COMMON_BLOCKS = YES;
				GCC_WARN_64_TO_32_BIT_CONVERSION = YES;
				GCC_WARN_ABOUT_RETURN_TYPE = YES_ERROR;
				GCC_WARN_UNDECLARED_SELECTOR = YES;
				GCC_WARN_UNINITIALIZED_AUTOS = YES_AGGRESSIVE;
				GCC_WARN_UNUSED_FUNCTION = YES;
				GCC_WARN_UNUSED_VARIABLE = YES;
				IPHONEOS_DEPLOYMENT_TARGET = 15.0;
				LOCALIZATION_PREFERS_STRING_CATALOGS = YES;
				MTL_ENABLE_DEBUG_INFO = NO;
				MTL_FAST_MATH = YES;
				SDKROOT = iphoneos;
				SWIFT_COMPILATION_MODE = wholemodule;
				VALIDATE_PRODUCT = YES;
			};
			name = Release;
		};
		354D5A682BCA59D60067BDF7 /* Debug */ = {
			isa = XCBuildConfiguration;
			buildSettings = {
				ASSETCATALOG_COMPILER_APPICON_NAME = AppIcon;
				ASSETCATALOG_COMPILER_GLOBAL_ACCENT_COLOR_NAME = AccentColor;
				CODE_SIGN_STYLE = Automatic;
				CURRENT_PROJECT_VERSION = 1;
				DEVELOPMENT_TEAM = N7C8C2M7A3;
				GENERATE_INFOPLIST_FILE = YES;
				INFOPLIST_FILE = GigaShop/Info.plist;
				INFOPLIST_KEY_UIApplicationSupportsIndirectInputEvents = YES;
				INFOPLIST_KEY_UILaunchStoryboardName = LaunchScreen;
				INFOPLIST_KEY_UIMainStoryboardFile = Main;
				INFOPLIST_KEY_UISupportedInterfaceOrientations_iPad = "UIInterfaceOrientationPortrait UIInterfaceOrientationPortraitUpsideDown UIInterfaceOrientationLandscapeLeft UIInterfaceOrientationLandscapeRight";
				INFOPLIST_KEY_UISupportedInterfaceOrientations_iPhone = "UIInterfaceOrientationPortrait UIInterfaceOrientationLandscapeLeft UIInterfaceOrientationLandscapeRight";
				LD_RUNPATH_SEARCH_PATHS = (
					"$(inherited)",
					"@executable_path/Frameworks",
				);
				MARKETING_VERSION = 1.0;
				PRODUCT_BUNDLE_IDENTIFIER = Personal.UIKit.gigashop;
				PRODUCT_NAME = "$(TARGET_NAME)";
				SWIFT_EMIT_LOC_STRINGS = YES;
				SWIFT_VERSION = 5.0;
				TARGETED_DEVICE_FAMILY = "1,2";
			};
			name = Debug;
		};
		354D5A692BCA59D60067BDF7 /* Release */ = {
			isa = XCBuildConfiguration;
			buildSettings = {
				ASSETCATALOG_COMPILER_APPICON_NAME = AppIcon;
				ASSETCATALOG_COMPILER_GLOBAL_ACCENT_COLOR_NAME = AccentColor;
				CODE_SIGN_STYLE = Automatic;
				CURRENT_PROJECT_VERSION = 1;
				DEVELOPMENT_TEAM = N7C8C2M7A3;
				GENERATE_INFOPLIST_FILE = YES;
				INFOPLIST_FILE = GigaShop/Info.plist;
				INFOPLIST_KEY_UIApplicationSupportsIndirectInputEvents = YES;
				INFOPLIST_KEY_UILaunchStoryboardName = LaunchScreen;
				INFOPLIST_KEY_UIMainStoryboardFile = Main;
				INFOPLIST_KEY_UISupportedInterfaceOrientations_iPad = "UIInterfaceOrientationPortrait UIInterfaceOrientationPortraitUpsideDown UIInterfaceOrientationLandscapeLeft UIInterfaceOrientationLandscapeRight";
				INFOPLIST_KEY_UISupportedInterfaceOrientations_iPhone = "UIInterfaceOrientationPortrait UIInterfaceOrientationLandscapeLeft UIInterfaceOrientationLandscapeRight";
				LD_RUNPATH_SEARCH_PATHS = (
					"$(inherited)",
					"@executable_path/Frameworks",
				);
				MARKETING_VERSION = 1.0;
				PRODUCT_BUNDLE_IDENTIFIER = Personal.UIKit.gigashop;
				PRODUCT_NAME = "$(TARGET_NAME)";
				SWIFT_EMIT_LOC_STRINGS = YES;
				SWIFT_VERSION = 5.0;
				TARGETED_DEVICE_FAMILY = "1,2";
			};
			name = Release;
		};
		354D5A6B2BCA59D60067BDF7 /* Debug */ = {
			isa = XCBuildConfiguration;
			buildSettings = {
				ALWAYS_EMBED_SWIFT_STANDARD_LIBRARIES = YES;
				BUNDLE_LOADER = "$(TEST_HOST)";
				CODE_SIGN_STYLE = Automatic;
				CURRENT_PROJECT_VERSION = 1;
				GENERATE_INFOPLIST_FILE = YES;
				IPHONEOS_DEPLOYMENT_TARGET = 17.0;
				MARKETING_VERSION = 1.0;
				PRODUCT_BUNDLE_IDENTIFIER = Personal.UIKit.GigaShopTests;
				PRODUCT_NAME = "$(TARGET_NAME)";
				SWIFT_EMIT_LOC_STRINGS = NO;
				SWIFT_VERSION = 5.0;
				TARGETED_DEVICE_FAMILY = "1,2";
				TEST_HOST = "$(BUILT_PRODUCTS_DIR)/GigaShop.app/$(BUNDLE_EXECUTABLE_FOLDER_PATH)/GigaShop";
			};
			name = Debug;
		};
		354D5A6C2BCA59D60067BDF7 /* Release */ = {
			isa = XCBuildConfiguration;
			buildSettings = {
				ALWAYS_EMBED_SWIFT_STANDARD_LIBRARIES = YES;
				BUNDLE_LOADER = "$(TEST_HOST)";
				CODE_SIGN_STYLE = Automatic;
				CURRENT_PROJECT_VERSION = 1;
				GENERATE_INFOPLIST_FILE = YES;
				IPHONEOS_DEPLOYMENT_TARGET = 17.0;
				MARKETING_VERSION = 1.0;
				PRODUCT_BUNDLE_IDENTIFIER = Personal.UIKit.GigaShopTests;
				PRODUCT_NAME = "$(TARGET_NAME)";
				SWIFT_EMIT_LOC_STRINGS = NO;
				SWIFT_VERSION = 5.0;
				TARGETED_DEVICE_FAMILY = "1,2";
				TEST_HOST = "$(BUILT_PRODUCTS_DIR)/GigaShop.app/$(BUNDLE_EXECUTABLE_FOLDER_PATH)/GigaShop";
			};
			name = Release;
		};
		354D5A6E2BCA59D60067BDF7 /* Debug */ = {
			isa = XCBuildConfiguration;
			buildSettings = {
				ALWAYS_EMBED_SWIFT_STANDARD_LIBRARIES = YES;
				CODE_SIGN_STYLE = Automatic;
				CURRENT_PROJECT_VERSION = 1;
				GENERATE_INFOPLIST_FILE = YES;
				MARKETING_VERSION = 1.0;
				PRODUCT_BUNDLE_IDENTIFIER = Personal.UIKit.GigaShopUITests;
				PRODUCT_NAME = "$(TARGET_NAME)";
				SWIFT_EMIT_LOC_STRINGS = NO;
				SWIFT_VERSION = 5.0;
				TARGETED_DEVICE_FAMILY = "1,2";
				TEST_TARGET_NAME = GigaShop;
			};
			name = Debug;
		};
		354D5A6F2BCA59D60067BDF7 /* Release */ = {
			isa = XCBuildConfiguration;
			buildSettings = {
				ALWAYS_EMBED_SWIFT_STANDARD_LIBRARIES = YES;
				CODE_SIGN_STYLE = Automatic;
				CURRENT_PROJECT_VERSION = 1;
				GENERATE_INFOPLIST_FILE = YES;
				MARKETING_VERSION = 1.0;
				PRODUCT_BUNDLE_IDENTIFIER = Personal.UIKit.GigaShopUITests;
				PRODUCT_NAME = "$(TARGET_NAME)";
				SWIFT_EMIT_LOC_STRINGS = NO;
				SWIFT_VERSION = 5.0;
				TARGETED_DEVICE_FAMILY = "1,2";
				TEST_TARGET_NAME = GigaShop;
			};
			name = Release;
		};
/* End XCBuildConfiguration section */

/* Begin XCConfigurationList section */
		354D5A382BCA59D50067BDF7 /* Build configuration list for PBXProject "GigaShop" */ = {
			isa = XCConfigurationList;
			buildConfigurations = (
				354D5A652BCA59D60067BDF7 /* Debug */,
				354D5A662BCA59D60067BDF7 /* Release */,
			);
			defaultConfigurationIsVisible = 0;
			defaultConfigurationName = Release;
		};
		354D5A672BCA59D60067BDF7 /* Build configuration list for PBXNativeTarget "GigaShop" */ = {
			isa = XCConfigurationList;
			buildConfigurations = (
				354D5A682BCA59D60067BDF7 /* Debug */,
				354D5A692BCA59D60067BDF7 /* Release */,
			);
			defaultConfigurationIsVisible = 0;
			defaultConfigurationName = Release;
		};
		354D5A6A2BCA59D60067BDF7 /* Build configuration list for PBXNativeTarget "GigaShopTests" */ = {
			isa = XCConfigurationList;
			buildConfigurations = (
				354D5A6B2BCA59D60067BDF7 /* Debug */,
				354D5A6C2BCA59D60067BDF7 /* Release */,
			);
			defaultConfigurationIsVisible = 0;
			defaultConfigurationName = Release;
		};
		354D5A6D2BCA59D60067BDF7 /* Build configuration list for PBXNativeTarget "GigaShopUITests" */ = {
			isa = XCConfigurationList;
			buildConfigurations = (
				354D5A6E2BCA59D60067BDF7 /* Debug */,
				354D5A6F2BCA59D60067BDF7 /* Release */,
			);
			defaultConfigurationIsVisible = 0;
			defaultConfigurationName = Release;
		};
/* End XCConfigurationList section */
	};
	rootObject = 354D5A352BCA59D50067BDF7 /* Project object */;
}
